
Microsoft Visual Studio Solution File, Format Version 12.00
# Visual Studio Version 16
VisualStudioVersion = 16.0.30503.244
MinimumVisualStudioVersion = 10.0.40219.1
Project("{FAE04EC0-301F-11D3-BF4B-00C04F79EFBC}") = "Objetos01", "Objetos01.csproj", "{047DF8CF-3102-4B28-A909-572C674B5F26}"
EndProject
Global
	GlobalSection(SolutionConfigurationPlatforms) = preSolution
		Debug|Any CPU = Debug|Any CPU
		Release|Any CPU = Release|Any CPU
	EndGlobalSection
	GlobalSection(ProjectConfigurationPlatforms) = postSolution
		{047DF8CF-3102-4B28-A909-572C674B5F26}.Debug|Any CPU.ActiveCfg = Debug|Any CPU
		{047DF8CF-3102-4B28-A909-572C674B5F26}.Debug|Any CPU.Build.0 = Debug|Any CPU
		{047DF8CF-3102-4B28-A909-572C674B5F26}.Release|Any CPU.ActiveCfg = Release|Any CPU
		{047DF8CF-3102-4B28-A909-572C674B5F26}.Release|Any CPU.Build.0 = Release|Any CPU
	EndGlobalSection
	GlobalSection(SolutionProperties) = preSolution
		HideSolutionNode = FALSE
	EndGlobalSection
	GlobalSection(ExtensibilityGlobals) = postSolution
		SolutionGuid = {FA8F2251-6BC7-4D60-BA24-8425ADAEB9C0}
	EndGlobalSection
EndGlobal
